
Microsoft Visual Studio Solution File, Format Version 12.00
# Visual Studio Version 16
VisualStudioVersion = 16.0.30406.217
MinimumVisualStudioVersion = 10.0.40219.1
Project("{FAE04EC0-301F-11D3-BF4B-00C04F79EFBC}") = "Nusoft012", "Nusoft012.csproj", "{17D92C9D-11E8-48F5-938A-73352E425650}"
EndProject
Global
	GlobalSection(SolutionConfigurationPlatforms) = preSolution
		Debug|Any CPU = Debug|Any CPU
		Release|Any CPU = Release|Any CPU
	EndGlobalSection
	GlobalSection(ProjectConfigurationPlatforms) = postSolution
		{17D92C9D-11E8-48F5-938A-73352E425650}.Debug|Any CPU.ActiveCfg = Debug|Any CPU
		{17D92C9D-11E8-48F5-938A-73352E425650}.Debug|Any CPU.Build.0 = Debug|Any CPU
		{17D92C9D-11E8-48F5-938A-73352E425650}.Release|Any CPU.ActiveCfg = Release|Any CPU
		{17D92C9D-11E8-48F5-938A-73352E425650}.Release|Any CPU.Build.0 = Release|Any CPU
	EndGlobalSection
	GlobalSection(SolutionProperties) = preSolution
		HideSolutionNode = FALSE
	EndGlobalSection
	GlobalSection(ExtensibilityGlobals) = postSolution
		SolutionGuid = {97DDB859-65EB-4EA9-8F8C-9720E8EE5618}
	EndGlobalSection
EndGlobal
